name: SST Unlock (one-shot)

on:
  workflow_dispatch:

env:
  FORCE_JAVASCRIPT_ACTIONS_TO_NODE24: "true"

permissions:
  id-token: write
  contents: read

jobs:
  unlock:
    name: Unlock SST production state
    runs-on: [self-hosted, omv]
    timeout-minutes: 5
    steps:
      - uses: actions/checkout@v6

      - name: Setup pnpm
        uses: pnpm/action-setup@v5

      - name: Setup Node.js
        uses: actions/setup-node@v6
        with:
          node-version: 22
          cache: pnpm

      - name: Install dependencies
        run: pnpm install --frozen-lockfile --prefer-offline

      - name: Configure AWS credentials (OIDC)
        uses: aws-actions/configure-aws-credentials@v6
        with:
          role-to-assume: ${{ secrets.AWS_DEPLOY_ROLE_ARN }}
          aws-region: us-east-1

      - name: Unlock SST state
        run: pnpm sst unlock --stage production
